
Microsoft Visual Studio Solution File, Format Version 12.00
# Visual Studio Version 16
VisualStudioVersion = 16.0.29503.13
MinimumVisualStudioVersion = 10.0.40219.1
Project("{FAE04EC0-301F-11D3-BF4B-00C04F79EFBC}") = "Solution", "Solution\Solution.csproj", "{9E49070A-8D12-45D5-B543-B0EE83C6A17F}"
EndProject
Project("{FAE04EC0-301F-11D3-BF4B-00C04F79EFBC}") = "UnitTestProject", "UnitTestProject\UnitTestProject.csproj", "{8A0B927D-D0CF-4106-A346-FD19729F69DD}"
EndProject
Global
	GlobalSection(SolutionConfigurationPlatforms) = preSolution
		Debug|Any CPU = Debug|Any CPU
		Release|Any CPU = Release|Any CPU
	EndGlobalSection
	GlobalSection(ProjectConfigurationPlatforms) = postSolution
		{9E49070A-8D12-45D5-B543-B0EE83C6A17F}.Debug|Any CPU.ActiveCfg = Debug|Any CPU
		{9E49070A-8D12-45D5-B543-B0EE83C6A17F}.Debug|Any CPU.Build.0 = Debug|Any CPU
		{9E49070A-8D12-45D5-B543-B0EE83C6A17F}.Release|Any CPU.ActiveCfg = Release|Any CPU
		{9E49070A-8D12-45D5-B543-B0EE83C6A17F}.Release|Any CPU.Build.0 = Release|Any CPU
		{8A0B927D-D0CF-4106-A346-FD19729F69DD}.Debug|Any CPU.ActiveCfg = Debug|Any CPU
		{8A0B927D-D0CF-4106-A346-FD19729F69DD}.Debug|Any CPU.Build.0 = Debug|Any CPU
		{8A0B927D-D0CF-4106-A346-FD19729F69DD}.Release|Any CPU.ActiveCfg = Release|Any CPU
		{8A0B927D-D0CF-4106-A346-FD19729F69DD}.Release|Any CPU.Build.0 = Release|Any CPU
	EndGlobalSection
	GlobalSection(SolutionProperties) = preSolution
		HideSolutionNode = FALSE
	EndGlobalSection
	GlobalSection(ExtensibilityGlobals) = postSolution
		SolutionGuid = {FEF7B6F5-F55C-4BD3-969E-24B2D973C037}
	EndGlobalSection
EndGlobal
